
Microsoft Visual Studio Solution File, Format Version 12.00
# Visual Studio Version 16
VisualStudioVersion = 16.0.31019.35
MinimumVisualStudioVersion = 10.0.40219.1
Project("{FAE04EC0-301F-11D3-BF4B-00C04F79EFBC}") = "NetCoreRabbitMQ.Web", "NetCoreRabbitMQ.Web\NetCoreRabbitMQ.Web.csproj", "{38079226-4C7A-47B4-B6EB-786050C5AD05}"
EndProject
Project("{FAE04EC0-301F-11D3-BF4B-00C04F79EFBC}") = "NetCoreRabbitMQ.Consumer", "NetCoreRabbitMQ.Consumer\NetCoreRabbitMQ.Consumer.csproj", "{5E39D4EF-FFB5-4E12-AEF0-8EC93EB51E9C}"
EndProject
Project("{FAE04EC0-301F-11D3-BF4B-00C04F79EFBC}") = "NetCoreRabbitMQ.Producer", "NetCoreRabbitMQ.Producer\NetCoreRabbitMQ.Producer.csproj", "{CBF49A69-55D2-46E0-8322-06A39769C919}"
EndProject
Global
	GlobalSection(SolutionConfigurationPlatforms) = preSolution
		Debug|Any CPU = Debug|Any CPU
		Release|Any CPU = Release|Any CPU
	EndGlobalSection
	GlobalSection(ProjectConfigurationPlatforms) = postSolution
		{38079226-4C7A-47B4-B6EB-786050C5AD05}.Debug|Any CPU.ActiveCfg = Debug|Any CPU
		{38079226-4C7A-47B4-B6EB-786050C5AD05}.Debug|Any CPU.Build.0 = Debug|Any CPU
		{38079226-4C7A-47B4-B6EB-786050C5AD05}.Release|Any CPU.ActiveCfg = Release|Any CPU
		{38079226-4C7A-47B4-B6EB-786050C5AD05}.Release|Any CPU.Build.0 = Release|Any CPU
		{5E39D4EF-FFB5-4E12-AEF0-8EC93EB51E9C}.Debug|Any CPU.ActiveCfg = Debug|Any CPU
		{5E39D4EF-FFB5-4E12-AEF0-8EC93EB51E9C}.Debug|Any CPU.Build.0 = Debug|Any CPU
		{5E39D4EF-FFB5-4E12-AEF0-8EC93EB51E9C}.Release|Any CPU.ActiveCfg = Release|Any CPU
		{5E39D4EF-FFB5-4E12-AEF0-8EC93EB51E9C}.Release|Any CPU.Build.0 = Release|Any CPU
		{CBF49A69-55D2-46E0-8322-06A39769C919}.Debug|Any CPU.ActiveCfg = Debug|Any CPU
		{CBF49A69-55D2-46E0-8322-06A39769C919}.Debug|Any CPU.Build.0 = Debug|Any CPU
		{CBF49A69-55D2-46E0-8322-06A39769C919}.Release|Any CPU.ActiveCfg = Release|Any CPU
		{CBF49A69-55D2-46E0-8322-06A39769C919}.Release|Any CPU.Build.0 = Release|Any CPU
	EndGlobalSection
	GlobalSection(SolutionProperties) = preSolution
		HideSolutionNode = FALSE
	EndGlobalSection
	GlobalSection(ExtensibilityGlobals) = postSolution
		SolutionGuid = {44D10B2E-BF11-405B-9CFF-BCA7FEF89A67}
	EndGlobalSection
EndGlobal
